[clocks]
url = "https://github.com/WebAssembly/wasi-clocks/archive/main.tar.gz"
subdir = "wit-0.3.0-draft"
sha256 = "626953ec28ae956ec1233c4350deab6e5cdcbdd9ae6d491e102ad7c6901cc8bf"
sha512 = "ae375b002cfaacdbaa133bb87747d1b86675e13144067c3005d6c32cf5c37bb7a52b693ae46d5cd65fc4910a78d7255d0ada5142828a022497fd0eaacb61761f"
