[clocks]
url = "https://github.com/WebAssembly/wasi-clocks/archive/main.tar.gz"
subdir = "wit-0.3.0-draft"
sha256 = "cf61a3785c2838340ce530ee1cdc6dbee3257f1672d6000ca748dfe253808dec"
sha512 = "f647de7d6c470595c3e5bf0dba6af98703beb9f701c66543cea5d42e81f7a1a73f199c3949035a9c2c1bd717056e5e68788f520af39b9d26480242b7626f22ce"
