[clocks]
url = "https://github.com/WebAssembly/wasi-clocks/archive/main.tar.gz"
subdir = "wit-0.3.0-draft"
sha256 = "d0257e056a4061eaab58a934d84b4b35534d90866667054e886da65c170aeef6"
sha512 = "b033cd0171d9d0c908b17f98f792e47eaeee7534d4bca664c62bdab6f48a8046179e068d4ef11d1e333d3ca44777691b14293eb955e88fda701bdcf90637efae"
