[cli]
url = "https://github.com/WebAssembly/wasi-cli/archive/main.tar.gz"
sha256 = "a690bfee4b365af5ec012cb664c82ce53076bef5263d3da45c5da42271eaf98c"
sha512 = "21e687cb2d8d7ba2ba5bcf40ef43b8c68e4f2c1c6e8dd147166e695b3462a1650d2b806636c8608e8b42d24a498016a003d6127ebb784bf4f5b329ed1d07817e"

[clocks]
url = "https://github.com/WebAssembly/wasi-clocks/archive/main.tar.gz"
sha256 = "b7fbb753c70fe6727ea3456bc2cde3230df69d1f4f004cda7014625783959e50"
sha512 = "99310e017418553a0613247a65aef39e46b08b27f2d3d170465f5ecb97ec9c0ccbcb4e358526440ba6ef9d37cf991d04367ffa6b87d2d8db4e1b36a737f2191e"

[filesystem]
url = "https://github.com/WebAssembly/wasi-filesystem/archive/main.tar.gz"
sha256 = "cc45d3ebf145274e7e4d1eb516099c87c68ef6062447e3f8bcd492d60dfa27a8"
sha512 = "0b0af2b253de228fb282f270f5337df728834421000b6a2a789cc47460b36548babd1f77eca698308fef00896ce3c8509071b0da636babd6e87599e4d1400e53"

[io]
url = "https://github.com/WebAssembly/wasi-io/archive/main.tar.gz"
sha256 = "f1d1f111840529e06cd5f53726ebac82f344caf64f65a38dfef84e036643ef75"
sha512 = "8a09fb15e4a5d46c910d4a05ed90551166192dcfb28309f08f23237ad926fb4685ce95f06905929cb47e209b291b26d1baa92c3e3dbabf81308654453927ec26"

[random]
url = "https://github.com/WebAssembly/wasi-random/archive/main.tar.gz"
sha256 = "2f0014e946e38947afe120836b17cdcfa608be993d38d55b81cc2d31e7e70b16"
sha512 = "51ee623509040de77b0ba236e29589102538aacd3dd67168b06a09bf6ae469c762818fc07b5039d2a8b1838f4b5a5965a7c81ed0e2d47b142bece9d1ab8b93a6"

[sockets]
url = "https://github.com/WebAssembly/wasi-sockets/archive/main.tar.gz"
sha256 = "5321ba37115d503bfe0880349e99ecbd26ee812708fa83d2b276ec8ee7571443"
sha512 = "c3d71c2afa1475bf10d86b1e0623e2292e5dd407cf54103ad0d05c07fa95323bff9ad06e929d508b318a0a99a67132793fb9a04c17585843e24f090f5ee91367"
