[cli]
url = "https://github.com/WebAssembly/wasi-cli/archive/main.tar.gz"
sha256 = "bf57bb59e137f1dea6521409137e46dbdcd0a78d419ac2313b59fb21332718cd"
sha512 = "36a793525eba4921f0bd55bc445465e86fc7ff8fcf3e5bb61108d35e4d791950b107b456ccadf65897a0a5cd201a5955741c9c1fecb533fca99e8bae478a2dbf"

[clocks]
url = "https://github.com/WebAssembly/wasi-clocks/archive/main.tar.gz"
sha256 = "8d6b9f7a8bf9466bdc68043c33e054878fdf09c1cc69c19c99eeadd3bb257a90"
sha512 = "21b65d911930c4512bb3caa08459283fc70b1ccc5159313092334cffd6662fb92cfe90577b51829ef363e2d02530802c88f2a1f82db43964d1f8bff7ecbc794b"

[filesystem]
url = "https://github.com/WebAssembly/wasi-filesystem/archive/main.tar.gz"
sha256 = "c05155f44cf5798d15a16eaf9cdfb065d05914ed4710421a7448bb61c6decf3a"
sha512 = "fb30ea13678d3f3d2002b2cc1f6dae99ee6a06eae7c408c0d558f21e5039979dd80c8ced46b1a7629ce8b050820d81462093f7b4a733ff706d0258bf5dea5657"

[io]
url = "https://github.com/WebAssembly/wasi-io/archive/main.tar.gz"
sha256 = "fb76f4449eea54d06b56fc6a7ca988da51bd84a54d2021cf18da67b5e2c7ebcf"
sha512 = "c005e2a91522958a9537827a49ae344e1cb39d66e85492901a86bcc7e322ba8d0a7f1a02c9b9f840c123b4ad97e297355fac98d4822536d1426d1096dd1d73ac"

[random]
url = "https://github.com/WebAssembly/wasi-random/archive/main.tar.gz"
sha256 = "7d7c882d50baeb054a754b5766d46f5eed35a4470d887fc8b45121bfc7ac8701"
sha512 = "4b8aad54da50aa44d35f6e5eea87c67bbcedd610650500ffe350c8c8d26f7ee14c49c4c4cc51ebd0ae607459095092625f27a451e52232c575b460334b5a0606"

[sockets]
url = "https://github.com/WebAssembly/wasi-sockets/archive/main.tar.gz"
sha256 = "e9cc9bf3e809c17f7a100f9498056e435eea133bcb0f1abd8833261f3e5ff067"
sha512 = "1917e06807dc5f9f0993fbffbb9a6c8c36ab25a14ba775ffee939aca458ecd52ee796764708381f7f4166665cfcf11a5d47dc756a1e38f291b270678455b3a02"
