[cli]
url = "https://github.com/WebAssembly/wasi-cli/archive/main.tar.gz"
sha256 = "ce53bedad0aa34bbcde6ffd8f98348e03fa170e191aaf6bb6ca57b4915ade435"
sha512 = "489ed4e04603df4763e75d4d2d056cf363922c4865052348993febfd2c9bd10ab864fb4b72090df58dcb60d5676148a7a1e7de3a8513073afd37b4d9027ca7e7"

[clocks]
url = "https://github.com/WebAssembly/wasi-clocks/archive/main.tar.gz"
sha256 = "1ed7e35b3f9738663854f0dd92a95bfadc410ea07170501f5c2fec0cc24e3d57"
sha512 = "ef1e23704a8a8436fd3718593d4c4d8b6d1c64dad3595b7496c0888ca14b725046f2900109800faca1bc8c14f237cdcaca791dba8284e1ad50105ab2d036825b"

[filesystem]
url = "https://github.com/WebAssembly/wasi-filesystem/archive/main.tar.gz"
sha256 = "a19dbd57208ef649980bb4088b96606fe3549e580574dc88dafed6f8a8537b01"
sha512 = "49a798126feeb1a714162a20d282e554c70d36cbfa827dfb54685577b13d584fa15e02fd653fbb940a4fa52cece6c0ca4d7cd85f27c041a5cc99a98392d03e50"

[io]
url = "https://github.com/WebAssembly/wasi-io/archive/main.tar.gz"
sha256 = "eeb4701c2becafa40a7ee3bf0d2c94e2170e15806b25abdcd1de1ed94f2c1036"
sha512 = "89be853b2acae211570cd6ad0ec9d8132881dafbdea83ac7b4cad600f0627003c61f310427379bf47ecf862724367bd5d6e976db70069f6f90a3c2d9c20dbfb7"

[poll]
url = "https://github.com/WebAssembly/wasi-poll/archive/main.tar.gz"
sha256 = "9f8bb4d9994e9b0684859bb1e8bee2a8b873e04d40695f260446760fc44d0c58"
sha512 = "aa8da395ba6e189ec113296996da5abf28bdc4460e4eb2aacc786698ced892e08f7054fb590fc8809c05554d5c83a11494d4ab68c755746f57d151e212415cfb"

[random]
url = "https://github.com/WebAssembly/wasi-random/archive/main.tar.gz"
sha256 = "30731531ec3453813d08765b428f34aec34ac343cbeafd9885e4e348d187ae04"
sha512 = "6656089f9297ee56cf58c2f95c466e3a22c371925404e6eb9cb5adcb37c1b92f27aaf8c2f9e690ac53ef12f90bd31ac64a84d5f5e06d3f06e24997478275327f"

[sockets]
url = "https://github.com/WebAssembly/wasi-sockets/archive/main.tar.gz"
sha256 = "30c07587eda24676185f175323d5195817b5678815a3f6b64b8152a5b7532493"
sha512 = "8965e112c323e4535786361d864d3b5020791ce7e48da20a6a6b9a1fbec1f78bc10e0830c640f704bd8132fada56cd8a19b48e11e60ec6d9191c08e00550c91c"
