[cli]
path = "../../cli/wit-0.3.0-draft"
sha256 = "70e772c3bae2d07588573a916e6092b57bd2543c9765e9cbfa8af338acd6f687"
sha512 = "8a5106530665422441388bab1690d197270baafbff2486f737b401e95d557e9f0b1431be1af563c4d170078b030e69efc833d105f893f01ec71e9d966ef31c2f"
deps = ["filesystem", "random", "sockets"]

[clocks]
path = "../../clocks/wit-0.3.0-draft"
sha256 = "888647625fec3eaaf276cb884e426bc32bfa79ced22955f10eb239df74c8550c"
sha512 = "f08a2828b88fc6ddea935af584531c484ad4a7a5f30340265e11e91b2bfe0f81e74a660a512f72e5197d60278feccc00534833ebd73868e801859dd31a61bdbb"

[filesystem]
sha256 = "8808ea3adfbc1a025d649b82ddf4f38232ca4377100cfe671d80d5ee37fa3147"
sha512 = "19f4eb8fa62e96ba37b3ea231af6a3bc396c28f82935018a3322441321936b34fb0e44360b378145fcb681d9fea810745969d8baab02ae6017be1784be8abe45"

[random]
sha256 = "329785794587f27cc531d19e23fe872237f052d7d839b29ae2288db5ae9f0533"
sha512 = "691a26b30ce4fdfce070d0a9ccfe8b4f998b8dca6f58a7e22298457a8e0d05eba2f5fd38aa19879cc25bcc5f73a99358b33ae2690dde4e1dfea80fc841b1d69b"

[sockets]
sha256 = "0be70fab90ec1d62e620f37f8fc55397222ceb68ca8387eb0503df7173782634"
sha512 = "997e336258dd3d8d1bf1b27463e77d1dc2160eb13fff899c93b446973f5efbc59448a23279b60568679c08e006a20cc88769ec74d6d30baa4e7a17df0bdb2c30"
