[cli]
path = "../../cli/wit-0.3.0-draft"
sha256 = "70e772c3bae2d07588573a916e6092b57bd2543c9765e9cbfa8af338acd6f687"
sha512 = "8a5106530665422441388bab1690d197270baafbff2486f737b401e95d557e9f0b1431be1af563c4d170078b030e69efc833d105f893f01ec71e9d966ef31c2f"
deps = ["filesystem", "random", "sockets"]

[clocks]
path = "../../clocks/wit-0.3.0-draft"
sha256 = "888647625fec3eaaf276cb884e426bc32bfa79ced22955f10eb239df74c8550c"
sha512 = "f08a2828b88fc6ddea935af584531c484ad4a7a5f30340265e11e91b2bfe0f81e74a660a512f72e5197d60278feccc00534833ebd73868e801859dd31a61bdbb"

[filesystem]
sha256 = "39549a7fe0950d26d292eabc9aad193416394214f8cddb1bf786eda0ad9b764e"
sha512 = "fe44c8f5c80ace68f455746df28e2f67e0ba12fae2777a3ec5514de2b924450b903f4676aafb891672d1f7c99653dbac3a601c3e00b623dc592deea509392077"

[random]
sha256 = "2d54fe2815781a7462f3540b0959842b7e15d9fe8530c2b961b35451b6922670"
sha512 = "ac1a04d180f8aa11ac82529a0de7ff01c8d51d10424806aefe1c1d52ea9ade9911eaee2b3f7d9c23f4b3bfdff469af6482f4a9e5b800c465b9fb7b73ccc635c7"

[sockets]
sha256 = "5bc5dd55a678bee6d8de9043a1c9def9b1aee884d00349f89456f2e2a4622c9a"
sha512 = "d3d6af8d3a6c6105ce166e551032af10a71c2f1d9119ef189bab1617c4951d64f9e783ab3dc59956bbd5eb1b8a79cf3303a4cbfd4a27e1be04f22ec8abff9a57"
