[cli]
url = "https://github.com/WebAssembly/wasi-cli/archive/main.tar.gz"
subdir = "wit-0.3.0-draft"
sha256 = "5a4fb9ecf963e19b131821132dd835cc140424e6b03aa8434d4fb4df25a52ec4"
sha512 = "48319184c0b7157bd358cdaf20b9bd054731a06fa032a4c785c72e1f8ced7c1260b135f9801d46d7e031efb3a38b62f0b1a1538955e44ef3abfda7ab353215e6"
deps = ["clocks", "filesystem", "random", "sockets"]

[clocks]
sha256 = "cf61a3785c2838340ce530ee1cdc6dbee3257f1672d6000ca748dfe253808dec"
sha512 = "f647de7d6c470595c3e5bf0dba6af98703beb9f701c66543cea5d42e81f7a1a73f199c3949035a9c2c1bd717056e5e68788f520af39b9d26480242b7626f22ce"

[filesystem]
sha256 = "99292288bdb7ecb04e0a1a7bee478a9410df9ab57af222c3dcde375f7b957181"
sha512 = "4da72faf65b99263bd0521871a6004ea19fc9189e906451fb4d48b83d9da3269a8e4470c5775faf037a05e03151a0c05fd05cc0dfeb36757715fda2799dd1d85"

[random]
sha256 = "0a0cead69094ce1773468ff363b2d324ded025aab4f03a1d53b2538710c31e43"
sha512 = "3596bbd164c28254aefb0f7c7a047d81121df1de170808d16975f021c5170ea35dfe6fc1867f93469013ab8d36df8de14d4c5e1c9b70197bfd10e699fd6757e5"

[sockets]
sha256 = "57e9d6df8389015116c5407641af76b717cf0d1a79e36384af3cb7d7fa9687ed"
sha512 = "45dab8dd2fa48450c480b1e770a3739793f6156b07b39075414510ce2cde3db6e714da87f47f0e9b9c82b5ef38a963a59f4d86449aa5f2310c78bc79134d0dd5"
