[clocks]
path = "../../clocks/wit"
sha256 = "f6fd2d98f0f03d7c00ea3fab79a1565f84d3524191d6f8f300d2c902d6eb3114"
sha512 = "0c08fe39a1fc30e38a1dd0696e263e8f9a5b03ee2ff63864eb1acfd6d414511da0d030183c5e8f363d66ce6f5c25272edf90239e00b1033cfb48cffc1a5b10a4"

[io]
path = "../../io/wit"
sha256 = "3f63eef3de9c5b294b67c9f0cccb59bd6f9caca2e44cce543afad9d8ec053ade"
sha512 = "c1069eb09abcf0979e61387f03cd9b6f0051557957484b0ed93f548aadae883e4dbc28d7b4fbf54c34c8fc0b8659a7099d68346eb3330f76b771627ac8e696f2"
