[clocks]
path = "../../clocks/wit"
sha256 = "b9fe6015a69eec7ce906a2fe9e6422e09d84e5905f8b2c48c9f9db4932ae6336"
sha512 = "fc16682461807392565b7f7a3bc01d233e794a8dd82bd5de9263e608c96cc3aa754d0f5d1e9c1573faece8c7ffd3a87b7290bbcdf6d515478c5bcf1b0cb9e5c7"

[filesystem]
path = "../../filesystem/wit"
sha256 = "2b48a0bf3deb4cb8c8eff917dc0bc05f493c6cfaea064e9f4972aafe2859ab4f"
sha512 = "97a4dc8dfd0782dde809e2a087a989d973013af1bb7e76533db47fe9d00f97c30ca4b9e269bd938c14f4a57d07e14af196525ba57300c79bf1632997b915e41d"

[io]
path = "../../io/wit"
sha256 = "3699f94c981bacfd4034e92d47d0c888befb9297c54f6082bd37e83c86e5796e"
sha512 = "fd3fdd9d6b0df1ee8846aaaba469942e110c6ffc935d331651e338ff9c75b453748d626fffeee9a6026f1ed90d94d8854887e209c5832acc26da6385d189db6b"

[random]
path = "../../random/wit"
sha256 = "4b4ea94130dba45cc9a86eea05778d9d456cfa8c32a568ef92e8525e2300e233"
sha512 = "141e730abe6d167bfa675d184ea9601f33e0beb2104ed3312b1f0d7239f7e80d5c5eab3b8b926fc9ac5f959ae479245aa4af56c74babfad3d6208951a5b2650b"

[sockets]
path = "../../sockets/wit"
sha256 = "996840e548a6fddda8ef47863926a7fa86179be5aa8a81edadb2ea9a2dc526c8"
sha512 = "0698ec81c26ea76939029fc53104c16bd68a1e1a5144863ce041bee0b5a8a0ed31bfa921118e45d262c1d4e882f8014a8aeacc31825b8c0b7d54d5a1c2c51e97"
