[clocks]
path = "../../clocks/wit"
sha256 = "cee7f7ffff62be2416295a0bbdc13d822f5b4449ce37e0eb7cbdf3195156429d"
sha512 = "446835d225349f00f44b8c47fb3e6189491cfc19fdf3b394e3edd85276e3f1d7a515efb318cd11ef271c164ec54a54307110f2d0b72212a0108324f449d9b946"

[filesystem]
path = "../../filesystem/wit"
sha256 = "7e29e1b85da02279d2853dff263bbfe647b1b19105b96bb2a850ea8d201e7bbb"
sha512 = "7cdba2ef1090aa6b83eb292dd90992df2a9db24f577728b9275e0c3eb4fe19bcb8f0e7defa914d79e7adee72029d8c9501b2cc6387723b515d0ff296c3c1acff"

[random]
path = "../../random/wit"
sha256 = "5196da126852cb29c39790da453ec6d5f46a266283dadd69a5f93f10a9850376"
sha512 = "4147e0f33b26cd6bf46cc1da4afed21e620fe8ede4b06199c8826fd456ed4977974ac1b6437dccdfb602f1b352d06a455717852f43ae5143fffc01e75ca3d74d"

[sockets]
path = "../../sockets/wit"
sha256 = "8db169a251f64d3b06162f2012a3b0b794a2e65187b130fc21adf5c913ddb140"
sha512 = "6d2a2a4b0b575a3856eb1d0448b4637357587123d12d4633b1e8bded88530085a1f36bfcfda6a2e27ce633581d7e3b778c2658f796b884972d3d2043ae7b5795"
