[clocks]
path = "../../clocks/wit-0.3.0-draft"
sha256 = "888647625fec3eaaf276cb884e426bc32bfa79ced22955f10eb239df74c8550c"
sha512 = "f08a2828b88fc6ddea935af584531c484ad4a7a5f30340265e11e91b2bfe0f81e74a660a512f72e5197d60278feccc00534833ebd73868e801859dd31a61bdbb"

[filesystem]
path = "../../filesystem/wit-0.3.0-draft"
sha256 = "34bc01576895f955af8f55c67ae45445b092645af1939cf3535159285338cbb2"
sha512 = "3b666d90f2e1d1b3d4229d5c6b24e4b044f901cbfee3c6309f1548571361ad59ba1a344200bf443800a7f0d4babbd4613f99266fff490b33a75c5b74928e1ffd"

[random]
path = "../../random/wit-0.3.0-draft"
sha256 = "2d54fe2815781a7462f3540b0959842b7e15d9fe8530c2b961b35451b6922670"
sha512 = "ac1a04d180f8aa11ac82529a0de7ff01c8d51d10424806aefe1c1d52ea9ade9911eaee2b3f7d9c23f4b3bfdff469af6482f4a9e5b800c465b9fb7b73ccc635c7"

[sockets]
path = "../../sockets/wit-0.3.0-draft"
sha256 = "b49fc1dce25d91cb10d4d503c7f9a870a5effabcce609542f1eeabe41500af63"
sha512 = "5007b7df0f421f32db7885fc140c5b68e430f7e0894efcd1152d9a0f2ff18808828dbe6c4d6d3fa88fbfc19bd608ffe1737c0eea3146a8232b2a9ea9a5468427"
