[clocks]
path = "../../clocks/wit-0.3.0-draft"
sha256 = "77ab38ec0bd9f8c3e36bb1908dbd2dbff16e2551e5111278e73b31899d989674"
sha512 = "71f3838d379991102fde4194023fe599cc0d5e0369d9a997f86109d8bd4d3180cea17efa9efb434e87fae9674c3ed007e26c750ac857d0c11884ab8b33367556"

[filesystem]
path = "../../filesystem/wit-0.3.0-draft"
sha256 = "506177efa094a42caf37b408738098561f759d465838afd678231999721be3f1"
sha512 = "5f302982c5369d1c8882871d710719cf4fb34731ffc3bf74855277f6bbd261f6c86466aa69bc4dea32ea6153cb7436c3babc05e0709e2054ff588ccf58749221"

[random]
path = "../../random/wit-0.3.0-draft"
sha256 = "15bb721f41ec775703c36b9ca364ea0f0545a7e3c1c013022637adb6f9bf68bf"
sha512 = "a310d94119d12fa5593750e188dea289f8aede532fc0371696144408ed2ed4a3c020853d8070df36cd27f50ae86a0b5f97bca4389206d19d98f1d5ee8e1b0a21"

[sockets]
path = "../../sockets/wit-0.3.0-draft"
sha256 = "10afedd24fc9cc2009a9ba2809245c502943928531b6e611a4d3cbc0983df8b9"
sha512 = "583738ee91e7af8ea6abae738e45de7c04e9a2ac2a63245f5bce0bb12d2318f9b04d249af7a7529bf0ae5ba0177efb4e960a5f46bd6f9023a7e0cd100717aafd"
