[clocks]
path = "../../clocks/wit-0.3.0-draft"
sha256 = "044a4e52c4f576c368039f6de82ca7aa15e6a6ce6576630be32342a1178b07ec"
sha512 = "dfd395df59ff14d4d9abfe89b1ca87ac9e8102cf83c0768d24575087d0f334dc2631d935ac7148845d71faf125a7a5d7e82607633419f2c8ac4bb12f350e9f6b"

[filesystem]
path = "../../filesystem/wit-0.3.0-draft"
sha256 = "d1af21a9345b6dc11bcd2ae94273071d07e7140c9ea777b274d93ae5c03e2e69"
sha512 = "9f7e9d83e8f4199b20f9bedcdb955ecabb7ac57d0370ffc44af1c9275f93a8a361dd0e22b2f2451f2a2900ffb49425eb8664d0f0f92f2e8b6cfd94de52f8e646"

[random]
path = "../../random/wit-0.3.0-draft"
sha256 = "8a9dadb4b7d53f5b10398654a838b33c73d7e1ea07f5a749ff0a4d45a58084c0"
sha512 = "728b82693823f4a8b052845aad60adecca6d9e356c3256f0cc526c34eb25128fc90aa914ae6b56d51ed269a41441672e3002dc493fe1d68a5b134f82f27035af"

[sockets]
path = "../../sockets/wit-0.3.0-draft"
sha256 = "8f060ca3aecd8c51849e7eeac7dd3d387b5f9f95e929f27d96aeef218941f7d4"
sha512 = "010eb45ba25b893b1b45f4640ca1a52e179c9cbaa43e9408584904647fe3a2d2c5ea6355b6913d2d71dbc1d781234f0c7c7f75f35865e5f04fe6453be67b8869"
