[clocks]
url = "https://github.com/WebAssembly/wasi-clocks/archive/main.tar.gz"
sha256 = "fc36267c5098ad9ac6455396b27c8ef206ca23cae74f40bd44c57be68e7849b6"
sha512 = "0deed3d3a86f284adda7991cd24c0c4aab806ba2e0cb111da80d7f99c05f10793a602b28451407cad58ab762997f60c0f6d173e919e4a0988773b455d3a410d3"

[io]
url = "https://github.com/WebAssembly/wasi-io/archive/main.tar.gz"
sha256 = "770a73d479cda8e4c4064dd4006d2654ebcc358952079d74e41af27cf26bddbf"
sha512 = "b790f9750ac6782d9aaaa379845600b66dbde14ecee42f159c29796447eb8e61ee61f3b306e92622993b5e25298834b6ff62d7d9a04f8f18c05f07eda8f47ae0"
