[clocks]
url = "https://github.com/WebAssembly/wasi-clocks/archive/main.tar.gz"
sha256 = "ea955af7a152f85941b651c5b07345c4f077ae7f9e996c909ab8cc0a68c0120e"
sha512 = "114bc4f583a487cf1ccfdd6efa25c4c60cf637d4501a189eebd4b1d52aec2c8eb63ae14ce494db53dfd25bc20f6c4b533dc6f2143537e5cd14ca80d5d4b6a49d"

[io]
url = "https://github.com/WebAssembly/wasi-io/archive/main.tar.gz"
sha256 = "6e20bcf4d4f5466b60c05ea8da7289ca361a7febdd22ab1a531e5ef7e394ab8d"
sha512 = "21f6689bce6ed6d9e3bd96372e5c7ed003a7aefbf8d49b4eea949dfbd265cf57a0d7dc67aa71e3de75d48fcc2c0cfe5f06f7e9e7959a23bc98f77da85f4161b9"
