[clocks]
url = "https://github.com/WebAssembly/wasi-clocks/archive/main.tar.gz"
sha256 = "be1d8c61e2544e2b48d902c60df73577e293349063344ce752cda4d323f8b913"
sha512 = "0fd7962c62b135da0e584c2b58a55147bf09873848b0bb5bd3913019bc3f8d4b5969fbd6f7f96fd99a015efaf562a3eeafe3bc13049f8572a6e13ef9ef0e7e75"

[io]
url = "https://github.com/WebAssembly/wasi-io/archive/main.tar.gz"
sha256 = "9f1ad5da70f621bbd4c69e3bd90250a0c12ecfde266aa8f99684fc44bc1e7c15"
sha512 = "6d0a9db6848f24762933d1c168a5b5b1065ba838c253ee20454afeb8dd1a049b918d25deff556083d68095dd3126ae131ac3e738774320eee5d918f5a4b5354e"
